# This file was autogenerated by Stack.
# You should not edit this file by hand.
# For more information, please see the documentation at:
#   https://docs.haskellstack.org/en/stable/lock_files

packages:
- completed:
    hackage: servant-0.20.2@sha256:a4613dc1caa40d1b8db7aff00417dc2d651a8d73a90add3d934218b1778df35c,5371
    pantry-tree:
      sha256: 23364c969c171541475d270a7cf0d20ee59b4b88058deafef80b0070416670f0
      size: 2944
  original:
    hackage: servant-0.20.2
- completed:
    hackage: servant-server-0.20.2@sha256:5a2d11959256fed8f4918f02f55cb597b61cc92191a672cd2d2228fadd5ee0ec,6226
    pantry-tree:
      sha256: 234c87e0a70ab6b15df75b526b344715584693be4a5c1b373ecfaaebc9c4127b
      size: 2615
  original:
    hackage: servant-server-0.20.2
- completed:
    hackage: wai-cors-0.2.7@sha256:c3309a9c9db001cb5c3c777222ba3389f35c2ec57425731cddf2af8515b204b2,2905
    pantry-tree:
      sha256: 0e2d17d354d6ebf02aa5a37dddb83b716038a1d6b4dcda0a6379ceb60909e956
      size: 792
  original:
    hackage: wai-cors-0.2.7
- completed:
    hackage: aeson-2.1.2.1@sha256:aaa8be7ead024f05e9d5b290eb7ee5750deec1137b8f08f7ef039b8cb9036351,6355
    pantry-tree:
      sha256: a0d920dfe603c64910911c5ebf22b73f86a61b9e61e9fc629f0f31a8ec0de683
      size: 82465
  original:
    hackage: aeson-2.1.2.1
- completed:
    hackage: warp-3.3.30@sha256:9e0914c8893689fd37aab3990e920eac63652630084c4d2325dccfcbe0f1e98d,11100
    pantry-tree:
      sha256: cdea00e698b4083cf412d5d296b0b6fec25ec6ba6727d62460b65a40da084d35
      size: 3838
  original:
    hackage: warp-3.3.30
- completed:
    hackage: http-types-0.12.3@sha256:f35229edb1bc7b3ae27f961b2407dadb5bfa69d43a8f5337ab46cdc79ca4afe9,2035
    pantry-tree:
      sha256: c9b77e1ba204fffbe4e1be80412bc48e47440a07e4b7db4cdc77d573a3e21b9a
      size: 833
  original:
    hackage: http-types-0.12.3
- completed:
    hackage: crypton-x509-1.7.7@sha256:bc5834cabe1a301ff1ab50f373a50b5ce237ea4ea01f008f554544ab8cae1686,2268
    pantry-tree:
      sha256: 6f7cda7e46beea503d7eebc8ad8b8c650a4d587826efb8616038c42b1d915292
      size: 1080
  original:
    hackage: crypton-x509-1.7.7
- completed:
    hackage: clay-0.15.0@sha256:71e2c2e1e3599ec62d69487091944bde57722907388ba6ab10604a4fb09f929c,2269
    pantry-tree:
      sha256: 8601aaab712e441253bd96a5de5ed49f6be6c7855535d3bc43af21a3dc684567
      size: 2258
  original:
    hackage: clay-0.15.0
- completed:
    hackage: lucid-2.11.20230408@sha256:d2757a8c190a942d4931350692643a5f94ecfeded467969a03d105d9c36c0e8e,3180
    pantry-tree:
      sha256: 73dd80bf8f0e7a84b55b5e9fe2b205dfe6600ae34bee8084f0a4fb34e7e4680b
      size: 779
  original:
    hackage: lucid-2.11.20230408
- completed:
    hackage: time-1.12.2@sha256:88e8493d9130038d3b9968a2530a0900141cd3d938483c83dde56e12b875ebc8,6510
    pantry-tree:
      sha256: de0ab314661da3788b5dad20254e44929b1659b00d32b5a0cd54922a05e006e8
      size: 7264
  original:
    hackage: time-1.12.2
snapshots:
- completed:
    sha256: a81fb3877c4f9031e1325eb3935122e608d80715dc16b586eb11ddbff8671ecd
    size: 640086
    url: https://raw.githubusercontent.com/commercialhaskell/stackage-snapshots/master/lts/21/25.yaml
  original: lts-21.25
